
Microsoft Visual Studio Solution File, Format Version 12.00
Project("{FAE04EC0-301F-11D3-BF4B-00C04F79EFBC}") = "Cart", "Cart\Cart.csproj", "{5B632BB2-F310-4E47-987C-1C9D07011A1D}"
EndProject
Project("{2150E333-8FDC-42A3-9474-1A3956D46DE8}") = "run", "run", "{196D4D7B-9711-4CE4-B01A-497787FBA4DB}"
	ProjectSection(SolutionItems) = preProject
		Readme.md = Readme.md
	EndProjectSection
EndProject
Project("{FAE04EC0-301F-11D3-BF4B-00C04F79EFBC}") = "Orders", "Orders\Orders.csproj", "{ADB91AB8-27D2-4C6B-BDAD-EB7D72083045}"
EndProject
Project("{2150E333-8FDC-42A3-9474-1A3956D46DE8}") = "Cart", "Cart", "{091F5540-691E-48BF-82DB-30C24B87E94F}"
EndProject
Project("{FAE04EC0-301F-11D3-BF4B-00C04F79EFBC}") = "Cart.Contracts", "Cart.Contracts\Cart.Contracts.csproj", "{919E24CB-4742-40F1-864E-7FA386934676}"
EndProject
Project("{2150E333-8FDC-42A3-9474-1A3956D46DE8}") = "Order", "Order", "{84FC90D1-F16F-4B15-8E1B-22E5A48F03F9}"
EndProject
Project("{FAE04EC0-301F-11D3-BF4B-00C04F79EFBC}") = "Order.Contracts", "Order.Contracts\Order.Contracts.csproj", "{A8DF9BEA-21F9-4834-B362-37EAB179B560}"
EndProject
Project("{2150E333-8FDC-42A3-9474-1A3956D46DE8}") = "Shipping", "Shipping", "{4B2FC7EC-F82A-44EC-BAD9-BD9023D83C20}"
EndProject
Project("{FAE04EC0-301F-11D3-BF4B-00C04F79EFBC}") = "Shipping", "Shipping\Shipping.csproj", "{123011EF-07B3-4F47-82BD-C82D190579C4}"
EndProject
Project("{FAE04EC0-301F-11D3-BF4B-00C04F79EFBC}") = "Shipping.Contracts", "Shipping.Contracts\Shipping.Contracts.csproj", "{F8A8A1C8-1899-4785-B5DE-10D4B13CED45}"
EndProject
Global
	GlobalSection(SolutionConfigurationPlatforms) = preSolution
		Debug|Any CPU = Debug|Any CPU
		Release|Any CPU = Release|Any CPU
	EndGlobalSection
	GlobalSection(ProjectConfigurationPlatforms) = postSolution
		{5B632BB2-F310-4E47-987C-1C9D07011A1D}.Debug|Any CPU.ActiveCfg = Debug|Any CPU
		{5B632BB2-F310-4E47-987C-1C9D07011A1D}.Debug|Any CPU.Build.0 = Debug|Any CPU
		{5B632BB2-F310-4E47-987C-1C9D07011A1D}.Release|Any CPU.ActiveCfg = Release|Any CPU
		{5B632BB2-F310-4E47-987C-1C9D07011A1D}.Release|Any CPU.Build.0 = Release|Any CPU
		{ADB91AB8-27D2-4C6B-BDAD-EB7D72083045}.Debug|Any CPU.ActiveCfg = Debug|Any CPU
		{ADB91AB8-27D2-4C6B-BDAD-EB7D72083045}.Debug|Any CPU.Build.0 = Debug|Any CPU
		{ADB91AB8-27D2-4C6B-BDAD-EB7D72083045}.Release|Any CPU.ActiveCfg = Release|Any CPU
		{ADB91AB8-27D2-4C6B-BDAD-EB7D72083045}.Release|Any CPU.Build.0 = Release|Any CPU
		{919E24CB-4742-40F1-864E-7FA386934676}.Debug|Any CPU.ActiveCfg = Debug|Any CPU
		{919E24CB-4742-40F1-864E-7FA386934676}.Debug|Any CPU.Build.0 = Debug|Any CPU
		{919E24CB-4742-40F1-864E-7FA386934676}.Release|Any CPU.ActiveCfg = Release|Any CPU
		{919E24CB-4742-40F1-864E-7FA386934676}.Release|Any CPU.Build.0 = Release|Any CPU
		{A8DF9BEA-21F9-4834-B362-37EAB179B560}.Debug|Any CPU.ActiveCfg = Debug|Any CPU
		{A8DF9BEA-21F9-4834-B362-37EAB179B560}.Debug|Any CPU.Build.0 = Debug|Any CPU
		{A8DF9BEA-21F9-4834-B362-37EAB179B560}.Release|Any CPU.ActiveCfg = Release|Any CPU
		{A8DF9BEA-21F9-4834-B362-37EAB179B560}.Release|Any CPU.Build.0 = Release|Any CPU
		{123011EF-07B3-4F47-82BD-C82D190579C4}.Debug|Any CPU.ActiveCfg = Debug|Any CPU
		{123011EF-07B3-4F47-82BD-C82D190579C4}.Debug|Any CPU.Build.0 = Debug|Any CPU
		{123011EF-07B3-4F47-82BD-C82D190579C4}.Release|Any CPU.ActiveCfg = Release|Any CPU
		{123011EF-07B3-4F47-82BD-C82D190579C4}.Release|Any CPU.Build.0 = Release|Any CPU
		{F8A8A1C8-1899-4785-B5DE-10D4B13CED45}.Debug|Any CPU.ActiveCfg = Debug|Any CPU
		{F8A8A1C8-1899-4785-B5DE-10D4B13CED45}.Debug|Any CPU.Build.0 = Debug|Any CPU
		{F8A8A1C8-1899-4785-B5DE-10D4B13CED45}.Release|Any CPU.ActiveCfg = Release|Any CPU
		{F8A8A1C8-1899-4785-B5DE-10D4B13CED45}.Release|Any CPU.Build.0 = Release|Any CPU
	EndGlobalSection
	GlobalSection(NestedProjects) = preSolution
		{5B632BB2-F310-4E47-987C-1C9D07011A1D} = {091F5540-691E-48BF-82DB-30C24B87E94F}
		{919E24CB-4742-40F1-864E-7FA386934676} = {091F5540-691E-48BF-82DB-30C24B87E94F}
		{ADB91AB8-27D2-4C6B-BDAD-EB7D72083045} = {84FC90D1-F16F-4B15-8E1B-22E5A48F03F9}
		{A8DF9BEA-21F9-4834-B362-37EAB179B560} = {84FC90D1-F16F-4B15-8E1B-22E5A48F03F9}
		{123011EF-07B3-4F47-82BD-C82D190579C4} = {4B2FC7EC-F82A-44EC-BAD9-BD9023D83C20}
		{F8A8A1C8-1899-4785-B5DE-10D4B13CED45} = {4B2FC7EC-F82A-44EC-BAD9-BD9023D83C20}
	EndGlobalSection
EndGlobal
